
Microsoft Visual Studio Solution File, Format Version 12.00
# Visual Studio Version 17
VisualStudioVersion = 17.8.34212.112
MinimumVisualStudioVersion = 10.0.40219.1
Project("{FAE04EC0-301F-11D3-BF4B-00C04F79EFBC}") = "HomeWork28.10.2", "HomeWork28.10.2\HomeWork28.10.2.csproj", "{7AD7EB3F-5D24-486F-9C1A-30A914E9520C}"
EndProject
Global
	GlobalSection(SolutionConfigurationPlatforms) = preSolution
		Debug|Any CPU = Debug|Any CPU
		Release|Any CPU = Release|Any CPU
	EndGlobalSection
	GlobalSection(ProjectConfigurationPlatforms) = postSolution
		{7AD7EB3F-5D24-486F-9C1A-30A914E9520C}.Debug|Any CPU.ActiveCfg = Debug|Any CPU
		{7AD7EB3F-5D24-486F-9C1A-30A914E9520C}.Debug|Any CPU.Build.0 = Debug|Any CPU
		{7AD7EB3F-5D24-486F-9C1A-30A914E9520C}.Release|Any CPU.ActiveCfg = Release|Any CPU
		{7AD7EB3F-5D24-486F-9C1A-30A914E9520C}.Release|Any CPU.Build.0 = Release|Any CPU
	EndGlobalSection
	GlobalSection(SolutionProperties) = preSolution
		HideSolutionNode = FALSE
	EndGlobalSection
	GlobalSection(ExtensibilityGlobals) = postSolution
		SolutionGuid = {C44FB0EC-28CB-43D9-9192-85BB8A9F4928}
	EndGlobalSection
EndGlobal
